{
  "name": "ntu-stars-timetable-generator",
  "lockfileVersion": 3,
  "requires": true,
  "packages": {
    "": {
      "dependencies": {
        "chrome-types": "^0.1.219"
      }
    },
    "node_modules/chrome-types": {
      "version": "0.1.219",
      "resolved": "https://registry.npmjs.org/chrome-types/-/chrome-types-0.1.219.tgz",
      "integrity": "sha512-mnrUC5moGDo/dsV1P4HTm/c2yomYTR2SaVzyStNcDhBjbDxDpMFHnud8KKRHIrk7lf0KY7/sERzUIB/vlGPWIw=="
    }
  }
}
